// !$*UTF8*$!
{
	archiveVersion = 1;
	classes = {
	};
	objectVersion = 46;
	objects = {

/* Begin PBXBuildFile section */
		FB338BEB17B449A400A80B41 /* Foundation.framework in Frameworks */ = {isa = PBXBuildFile; fileRef = FB338BEA17B449A400A80B41 /* Foundation.framework */; };
		FB338BED17B449A400A80B41 /* CoreGraphics.framework in Frameworks */ = {isa = PBXBuildFile; fileRef = FB338BEC17B449A400A80B41 /* CoreGraphics.framework */; };
		FB338BEF17B449A400A80B41 /* UIKit.framework in Frameworks */ = {isa = PBXBuildFile; fileRef = FB338BEE17B449A400A80B41 /* UIKit.framework */; };
		FB338BF517B449A400A80B41 /* InfoPlist.strings in Resources */ = {isa = PBXBuildFile; fileRef = FB338BF317B449A400A80B41 /* InfoPlist.strings */; };
		FB338BF717B449A400A80B41 /* main.m in Sources */ = {isa = PBXBuildFile; fileRef = FB338BF617B449A400A80B41 /* main.m */; };
		FB338BFB17B449A400A80B41 /* AppDelegate.m in Sources */ = {isa = PBXBuildFile; fileRef = FB338BFA17B449A400A80B41 /* AppDelegate.m */; };
		FB338BFE17B449A400A80B41 /* Main.storyboard in Resources */ = {isa = PBXBuildFile; fileRef = FB338BFC17B449A400A80B41 /* Main.storyboard */; };
		FB338C0117B449A400A80B41 /* TextLayoutViewController.m in Sources */ = {isa = PBXBuildFile; fileRef = FB338C0017B449A400A80B41 /* TextLayoutViewController.m */; };
		FB338C0317B449A400A80B41 /* Images.xcassets in Resources */ = {isa = PBXBuildFile; fileRef = FB338C0217B449A400A80B41 /* Images.xcassets */; };
		FB338C0A17B449A400A80B41 /* XCTest.framework in Frameworks */ = {isa = PBXBuildFile; fileRef = FB338C0917B449A400A80B41 /* XCTest.framework */; };
		FB338C0B17B449A400A80B41 /* Foundation.framework in Frameworks */ = {isa = PBXBuildFile; fileRef = FB338BEA17B449A400A80B41 /* Foundation.framework */; };
		FB338C0C17B449A400A80B41 /* UIKit.framework in Frameworks */ = {isa = PBXBuildFile; fileRef = FB338BEE17B449A400A80B41 /* UIKit.framework */; };
		FB338C1417B449A400A80B41 /* InfoPlist.strings in Resources */ = {isa = PBXBuildFile; fileRef = FB338C1217B449A400A80B41 /* InfoPlist.strings */; };
		FB338C1617B449A400A80B41 /* TextLayoutTests.m in Sources */ = {isa = PBXBuildFile; fileRef = FB338C1517B449A400A80B41 /* TextLayoutTests.m */; };
		FB338C2317B44FCD00A80B41 /* sample.txt in Resources */ = {isa = PBXBuildFile; fileRef = FB338C2217B44FCD00A80B41 /* sample.txt */; };
/* End PBXBuildFile section */

/* Begin PBXContainerItemProxy section */
		FB338C0D17B449A400A80B41 /* PBXContainerItemProxy */ = {
			isa = PBXContainerItemProxy;
			containerPortal = FB338BDF17B449A400A80B41 /* Project object */;
			proxyType = 1;
			remoteGlobalIDString = FB338BE617B449A400A80B41;
			remoteInfo = TextLayout;
		};
/* End PBXContainerItemProxy section */

/* Begin PBXFileReference section */
		FB338BE717B449A400A80B41 /* TextLayout.app */ = {isa = PBXFileReference; explicitFileType = wrapper.application; includeInIndex = 0; path = TextLayout.app; sourceTree = BUILT_PRODUCTS_DIR; };
		FB338BEA17B449A400A80B41 /* Foundation.framework */ = {isa = PBXFileReference; lastKnownFileType = wrapper.framework; name = Foundation.framework; path = System/Library/Frameworks/Foundation.framework; sourceTree = SDKROOT; };
		FB338BEC17B449A400A80B41 /* CoreGraphics.framework */ = {isa = PBXFileReference; lastKnownFileType = wrapper.framework; name = CoreGraphics.framework; path = System/Library/Frameworks/CoreGraphics.framework; sourceTree = SDKROOT; };
		FB338BEE17B449A400A80B41 /* UIKit.framework */ = {isa = PBXFileReference; lastKnownFileType = wrapper.framework; name = UIKit.framework; path = System/Library/Frameworks/UIKit.framework; sourceTree = SDKROOT; };
		FB338BF217B449A400A80B41 /* TextLayout-Info.plist */ = {isa = PBXFileReference; lastKnownFileType = text.plist.xml; path = "TextLayout-Info.plist"; sourceTree = "<group>"; };
		FB338BF417B449A400A80B41 /* en */ = {isa = PBXFileReference; lastKnownFileType = text.plist.strings; name = en; path = en.lproj/InfoPlist.strings; sourceTree = "<group>"; };
		FB338BF617B449A400A80B41 /* main.m */ = {isa = PBXFileReference; lastKnownFileType = sourcecode.c.objc; path = main.m; sourceTree = "<group>"; };
		FB338BF817B449A400A80B41 /* TextLayout-Prefix.pch */ = {isa = PBXFileReference; lastKnownFileType = sourcecode.c.h; path = "TextLayout-Prefix.pch"; sourceTree = "<group>"; };
		FB338BF917B449A400A80B41 /* AppDelegate.h */ = {isa = PBXFileReference; lastKnownFileType = sourcecode.c.h; path = AppDelegate.h; sourceTree = "<group>"; };
		FB338BFA17B449A400A80B41 /* AppDelegate.m */ = {isa = PBXFileReference; lastKnownFileType = sourcecode.c.objc; path = AppDelegate.m; sourceTree = "<group>"; };
		FB338BFD17B449A400A80B41 /* Base */ = {isa = PBXFileReference; lastKnownFileType = file.storyboard; name = Base; path = Base.lproj/Main.storyboard; sourceTree = "<group>"; };
		FB338BFF17B449A400A80B41 /* TextLayoutViewController.h */ = {isa = PBXFileReference; lastKnownFileType = sourcecode.c.h; path = TextLayoutViewController.h; sourceTree = "<group>"; };
		FB338C0017B449A400A80B41 /* TextLayoutViewController.m */ = {isa = PBXFileReference; lastKnownFileType = sourcecode.c.objc; path = TextLayoutViewController.m; sourceTree = "<group>"; };
		FB338C0217B449A400A80B41 /* Images.xcassets */ = {isa = PBXFileReference; lastKnownFileType = folder.assetcatalog; path = Images.xcassets; sourceTree = "<group>"; };
		FB338C0817B449A400A80B41 /* TextLayoutTests.xctest */ = {isa = PBXFileReference; explicitFileType = wrapper.cfbundle; includeInIndex = 0; path = TextLayoutTests.xctest; sourceTree = BUILT_PRODUCTS_DIR; };
		FB338C0917B449A400A80B41 /* XCTest.framework */ = {isa = PBXFileReference; lastKnownFileType = wrapper.framework; name = XCTest.framework; path = Library/Frameworks/XCTest.framework; sourceTree = DEVELOPER_DIR; };
		FB338C1117B449A400A80B41 /* TextLayoutTests-Info.plist */ = {isa = PBXFileReference; lastKnownFileType = text.plist.xml; path = "TextLayoutTests-Info.plist"; sourceTree = "<group>"; };
		FB338C1317B449A400A80B41 /* en */ = {isa = PBXFileReference; lastKnownFileType = text.plist.strings; name = en; path = en.lproj/InfoPlist.strings; sourceTree = "<group>"; };
		FB338C1517B449A400A80B41 /* TextLayoutTests.m */ = {isa = PBXFileReference; lastKnownFileType = sourcecode.c.objc; path = TextLayoutTests.m; sourceTree = "<group>"; };
		FB338C2217B44FCD00A80B41 /* sample.txt */ = {isa = PBXFileReference; fileEncoding = 4; lastKnownFileType = text; path = sample.txt; sourceTree = "<group>"; };
/* End PBXFileReference section */

/* Begin PBXFrameworksBuildPhase section */
		FB338BE417B449A400A80B41 /* Frameworks */ = {
			isa = PBXFrameworksBuildPhase;
			buildActionMask = 2147483647;
			files = (
				FB338BED17B449A400A80B41 /* CoreGraphics.framework in Frameworks */,
				FB338BEF17B449A400A80B41 /* UIKit.framework in Frameworks */,
				FB338BEB17B449A400A80B41 /* Foundation.framework in Frameworks */,
			);
			runOnlyForDeploymentPostprocessing = 0;
		};
		FB338C0517B449A400A80B41 /* Frameworks */ = {
			isa = PBXFrameworksBuildPhase;
			buildActionMask = 2147483647;
			files = (
				FB338C0A17B449A400A80B41 /* XCTest.framework in Frameworks */,
				FB338C0C17B449A400A80B41 /* UIKit.framework in Frameworks */,
				FB338C0B17B449A400A80B41 /* Foundation.framework in Frameworks */,
			);
			runOnlyForDeploymentPostprocessing = 0;
		};
/* End PBXFrameworksBuildPhase section */

/* Begin PBXGroup section */
		FB338BDE17B449A400A80B41 = {
			isa = PBXGroup;
			children = (
				FB338C2217B44FCD00A80B41 /* sample.txt */,
				FB338BF017B449A400A80B41 /* TextLayout */,
				FB338C0F17B449A400A80B41 /* TextLayoutTests */,
				FB338BE917B449A400A80B41 /* Frameworks */,
				FB338BE817B449A400A80B41 /* Products */,
			);
			sourceTree = "<group>";
		};
		FB338BE817B449A400A80B41 /* Products */ = {
			isa = PBXGroup;
			children = (
				FB338BE717B449A400A80B41 /* TextLayout.app */,
				FB338C0817B449A400A80B41 /* TextLayoutTests.xctest */,
			);
			name = Products;
			sourceTree = "<group>";
		};
		FB338BE917B449A400A80B41 /* Frameworks */ = {
			isa = PBXGroup;
			children = (
				FB338BEA17B449A400A80B41 /* Foundation.framework */,
				FB338BEC17B449A400A80B41 /* CoreGraphics.framework */,
				FB338BEE17B449A400A80B41 /* UIKit.framework */,
				FB338C0917B449A400A80B41 /* XCTest.framework */,
			);
			name = Frameworks;
			sourceTree = "<group>";
		};
		FB338BF017B449A400A80B41 /* TextLayout */ = {
			isa = PBXGroup;
			children = (
				FB338BF917B449A400A80B41 /* AppDelegate.h */,
				FB338BFA17B449A400A80B41 /* AppDelegate.m */,
				FB338BFC17B449A400A80B41 /* Main.storyboard */,
				FB338BFF17B449A400A80B41 /* TextLayoutViewController.h */,
				FB338C0017B449A400A80B41 /* TextLayoutViewController.m */,
				FB338C0217B449A400A80B41 /* Images.xcassets */,
				FB338BF117B449A400A80B41 /* Supporting Files */,
			);
			path = TextLayout;
			sourceTree = "<group>";
		};
		FB338BF117B449A400A80B41 /* Supporting Files */ = {
			isa = PBXGroup;
			children = (
				FB338BF217B449A400A80B41 /* TextLayout-Info.plist */,
				FB338BF317B449A400A80B41 /* InfoPlist.strings */,
				FB338BF617B449A400A80B41 /* main.m */,
				FB338BF817B449A400A80B41 /* TextLayout-Prefix.pch */,
			);
			name = "Supporting Files";
			sourceTree = "<group>";
		};
		FB338C0F17B449A400A80B41 /* TextLayoutTests */ = {
			isa = PBXGroup;
			children = (
				FB338C1517B449A400A80B41 /* TextLayoutTests.m */,
				FB338C1017B449A400A80B41 /* Supporting Files */,
			);
			path = TextLayoutTests;
			sourceTree = "<group>";
		};
		FB338C1017B449A400A80B41 /* Supporting Files */ = {
			isa = PBXGroup;
			children = (
				FB338C1117B449A400A80B41 /* TextLayoutTests-Info.plist */,
				FB338C1217B449A400A80B41 /* InfoPlist.strings */,
			);
			name = "Supporting Files";
			sourceTree = "<group>";
		};
/* End PBXGroup section */

/* Begin PBXNativeTarget section */
		FB338BE617B449A400A80B41 /* TextLayout */ = {
			isa = PBXNativeTarget;
			buildConfigurationList = FB338C1917B449A400A80B41 /* Build configuration list for PBXNativeTarget "TextLayout" */;
			buildPhases = (
				FB338BE317B449A400A80B41 /* Sources */,
				FB338BE417B449A400A80B41 /* Frameworks */,
				FB338BE517B449A400A80B41 /* Resources */,
			);
			buildRules = (
			);
			dependencies = (
			);
			name = TextLayout;
			productName = TextLayout;
			productReference = FB338BE717B449A400A80B41 /* TextLayout.app */;
			productType = "com.apple.product-type.application";
		};
		FB338C0717B449A400A80B41 /* TextLayoutTests */ = {
			isa = PBXNativeTarget;
			buildConfigurationList = FB338C1C17B449A400A80B41 /* Build configuration list for PBXNativeTarget "TextLayoutTests" */;
			buildPhases = (
				FB338C0417B449A400A80B41 /* Sources */,
				FB338C0517B449A400A80B41 /* Frameworks */,
				FB338C0617B449A400A80B41 /* Resources */,
			);
			buildRules = (
			);
			dependencies = (
				FB338C0E17B449A400A80B41 /* PBXTargetDependency */,
			);
			name = TextLayoutTests;
			productName = TextLayoutTests;
			productReference = FB338C0817B449A400A80B41 /* TextLayoutTests.xctest */;
			productType = "com.apple.product-type.bundle.unit-test";
		};
/* End PBXNativeTarget section */

/* Begin PBXProject section */
		FB338BDF17B449A400A80B41 /* Project object */ = {
			isa = PBXProject;
			attributes = {
				LastUpgradeCheck = 0500;
				ORGANIZATIONNAME = "Rob Napier";
				TargetAttributes = {
					FB338C0717B449A400A80B41 = {
						TestTargetID = FB338BE617B449A400A80B41 /* TextLayout */;
					};
				};
			};
			buildConfigurationList = FB338BE217B449A400A80B41 /* Build configuration list for PBXProject "TextLayout" */;
			compatibilityVersion = "Xcode 3.2";
			developmentRegion = English;
			hasScannedForEncodings = 0;
			knownRegions = (
				en,
				Base,
			);
			mainGroup = FB338BDE17B449A400A80B41;
			productRefGroup = FB338BE817B449A400A80B41 /* Products */;
			projectDirPath = "";
			projectRoot = "";
			targets = (
				FB338BE617B449A400A80B41 /* TextLayout */,
				FB338C0717B449A400A80B41 /* TextLayoutTests */,
			);
		};
/* End PBXProject section */

/* Begin PBXResourcesBuildPhase section */
		FB338BE517B449A400A80B41 /* Resources */ = {
			isa = PBXResourcesBuildPhase;
			buildActionMask = 2147483647;
			files = (
				FB338C0317B449A400A80B41 /* Images.xcassets in Resources */,
				FB338BF517B449A400A80B41 /* InfoPlist.strings in Resources */,
				FB338C2317B44FCD00A80B41 /* sample.txt in Resources */,
				FB338BFE17B449A400A80B41 /* Main.storyboard in Resources */,
			);
			runOnlyForDeploymentPostprocessing = 0;
		};
		FB338C0617B449A400A80B41 /* Resources */ = {
			isa = PBXResourcesBuildPhase;
			buildActionMask = 2147483647;
			files = (
				FB338C1417B449A400A80B41 /* InfoPlist.strings in Resources */,
			);
			runOnlyForDeploymentPostprocessing = 0;
		};
/* End PBXResourcesBuildPhase section */

/* Begin PBXSourcesBuildPhase section */
		FB338BE317B449A400A80B41 /* Sources */ = {
			isa = PBXSourcesBuildPhase;
			buildActionMask = 2147483647;
			files = (
				FB338C0117B449A400A80B41 /* TextLayoutViewController.m in Sources */,
				FB338BFB17B449A400A80B41 /* AppDelegate.m in Sources */,
				FB338BF717B449A400A80B41 /* main.m in Sources */,
			);
			runOnlyForDeploymentPostprocessing = 0;
		};
		FB338C0417B449A400A80B41 /* Sources */ = {
			isa = PBXSourcesBuildPhase;
			buildActionMask = 2147483647;
			files = (
				FB338C1617B449A400A80B41 /* TextLayoutTests.m in Sources */,
			);
			runOnlyForDeploymentPostprocessing = 0;
		};
/* End PBXSourcesBuildPhase section */

/* Begin PBXTargetDependency section */
		FB338C0E17B449A400A80B41 /* PBXTargetDependency */ = {
			isa = PBXTargetDependency;
			target = FB338BE617B449A400A80B41 /* TextLayout */;
			targetProxy = FB338C0D17B449A400A80B41 /* PBXContainerItemProxy */;
		};
/* End PBXTargetDependency section */

/* Begin PBXVariantGroup section */
		FB338BF317B449A400A80B41 /* InfoPlist.strings */ = {
			isa = PBXVariantGroup;
			children = (
				FB338BF417B449A400A80B41 /* en */,
			);
			name = InfoPlist.strings;
			sourceTree = "<group>";
		};
		FB338BFC17B449A400A80B41 /* Main.storyboard */ = {
			isa = PBXVariantGroup;
			children = (
				FB338BFD17B449A400A80B41 /* Base */,
			);
			name = Main.storyboard;
			sourceTree = "<group>";
		};
		FB338C1217B449A400A80B41 /* InfoPlist.strings */ = {
			isa = PBXVariantGroup;
			children = (
				FB338C1317B449A400A80B41 /* en */,
			);
			name = InfoPlist.strings;
			sourceTree = "<group>";
		};
/* End PBXVariantGroup section */

/* Begin XCBuildConfiguration section */
		FB338C1717B449A400A80B41 /* Debug */ = {
			isa = XCBuildConfiguration;
			buildSettings = {
				ALWAYS_SEARCH_USER_PATHS = NO;
				CLANG_CXX_LANGUAGE_STANDARD = "gnu++0x";
				CLANG_CXX_LIBRARY = "libc++";
				CLANG_ENABLE_MODULES = YES;
				CLANG_ENABLE_OBJC_ARC = YES;
				CLANG_WARN_BOOL_CONVERSION = YES;
				CLANG_WARN_CONSTANT_CONVERSION = YES;
				CLANG_WARN_DIRECT_OBJC_ISA_USAGE = YES_ERROR;
				CLANG_WARN_EMPTY_BODY = YES;
				CLANG_WARN_ENUM_CONVERSION = YES;
				CLANG_WARN_INT_CONVERSION = YES;
				CLANG_WARN_OBJC_ROOT_CLASS = YES_ERROR;
				CLANG_WARN__DUPLICATE_METHOD_MATCH = YES;
				"CODE_SIGN_IDENTITY[sdk=iphoneos*]" = "iPhone Developer";
				COPY_PHASE_STRIP = NO;
				GCC_C_LANGUAGE_STANDARD = gnu99;
				GCC_DYNAMIC_NO_PIC = NO;
				GCC_OPTIMIZATION_LEVEL = 0;
				GCC_PREPROCESSOR_DEFINITIONS = (
					"DEBUG=1",
					"$(inherited)",
				);
				GCC_SYMBOLS_PRIVATE_EXTERN = NO;
				GCC_WARN_ABOUT_RETURN_TYPE = YES_ERROR;
				GCC_WARN_UNDECLARED_SELECTOR = YES;
				GCC_WARN_UNINITIALIZED_AUTOS = YES;
				GCC_WARN_UNUSED_FUNCTION = YES;
				GCC_WARN_UNUSED_VARIABLE = YES;
				IPHONEOS_DEPLOYMENT_TARGET = 7.0;
				ONLY_ACTIVE_ARCH = YES;
				SDKROOT = iphoneos;
				TARGETED_DEVICE_FAMILY = 2;
			};
			name = Debug;
		};
		FB338C1817B449A400A80B41 /* Release */ = {
			isa = XCBuildConfiguration;
			buildSettings = {
				ALWAYS_SEARCH_USER_PATHS = NO;
				CLANG_CXX_LANGUAGE_STANDARD = "gnu++0x";
				CLANG_CXX_LIBRARY = "libc++";
				CLANG_ENABLE_MODULES = YES;
				CLANG_ENABLE_OBJC_ARC = YES;
				CLANG_WARN_BOOL_CONVERSION = YES;
				CLANG_WARN_CONSTANT_CONVERSION = YES;
				CLANG_WARN_DIRECT_OBJC_ISA_USAGE = YES_ERROR;
				CLANG_WARN_EMPTY_BODY = YES;
				CLANG_WARN_ENUM_CONVERSION = YES;
				CLANG_WARN_INT_CONVERSION = YES;
				CLANG_WARN_OBJC_ROOT_CLASS = YES_ERROR;
				CLANG_WARN__DUPLICATE_METHOD_MATCH = YES;
				"CODE_SIGN_IDENTITY[sdk=iphoneos*]" = "iPhone Developer";
				COPY_PHASE_STRIP = YES;
				ENABLE_NS_ASSERTIONS = NO;
				GCC_C_LANGUAGE_STANDARD = gnu99;
				GCC_WARN_ABOUT_RETURN_TYPE = YES_ERROR;
				GCC_WARN_UNDECLARED_SELECTOR = YES;
				GCC_WARN_UNINITIALIZED_AUTOS = YES;
				GCC_WARN_UNUSED_FUNCTION = YES;
				GCC_WARN_UNUSED_VARIABLE = YES;
				IPHONEOS_DEPLOYMENT_TARGET = 7.0;
				SDKROOT = iphoneos;
				TARGETED_DEVICE_FAMILY = 2;
				VALIDATE_PRODUCT = YES;
			};
			name = Release;
		};
		FB338C1A17B449A400A80B41 /* Debug */ = {
			isa = XCBuildConfiguration;
			buildSettings = {
				ASSETCATALOG_COMPILER_APPICON_NAME = AppIcon;
				ASSETCATALOG_COMPILER_LAUNCHIMAGE_NAME = LaunchImage;
				GCC_PRECOMPILE_PREFIX_HEADER = YES;
				GCC_PREFIX_HEADER = "TextLayout/TextLayout-Prefix.pch";
				INFOPLIST_FILE = "TextLayout/TextLayout-Info.plist";
				PRODUCT_NAME = "$(TARGET_NAME)";
				WRAPPER_EXTENSION = app;
			};
			name = Debug;
		};
		FB338C1B17B449A400A80B41 /* Release */ = {
			isa = XCBuildConfiguration;
			buildSettings = {
				ASSETCATALOG_COMPILER_APPICON_NAME = AppIcon;
				ASSETCATALOG_COMPILER_LAUNCHIMAGE_NAME = LaunchImage;
				GCC_PRECOMPILE_PREFIX_HEADER = YES;
				GCC_PREFIX_HEADER = "TextLayout/TextLayout-Prefix.pch";
				INFOPLIST_FILE = "TextLayout/TextLayout-Info.plist";
				PRODUCT_NAME = "$(TARGET_NAME)";
				WRAPPER_EXTENSION = app;
			};
			name = Release;
		};
		FB338C1D17B449A400A80B41 /* Debug */ = {
			isa = XCBuildConfiguration;
			buildSettings = {
				BUNDLE_LOADER = "$(BUILT_PRODUCTS_DIR)/TextLayout.app/TextLayout";
				FRAMEWORK_SEARCH_PATHS = (
					"$(SDKROOT)/Developer/Library/Frameworks",
					"$(inherited)",
					"$(DEVELOPER_FRAMEWORKS_DIR)",
				);
				GCC_PRECOMPILE_PREFIX_HEADER = YES;
				GCC_PREFIX_HEADER = "TextLayout/TextLayout-Prefix.pch";
				GCC_PREPROCESSOR_DEFINITIONS = (
					"DEBUG=1",
					"$(inherited)",
				);
				INFOPLIST_FILE = "TextLayoutTests/TextLayoutTests-Info.plist";
				PRODUCT_NAME = "$(TARGET_NAME)";
				TEST_HOST = "$(BUNDLE_LOADER)";
				WRAPPER_EXTENSION = xctest;
			};
			name = Debug;
		};
		FB338C1E17B449A400A80B41 /* Release */ = {
			isa = XCBuildConfiguration;
			buildSettings = {
				BUNDLE_LOADER = "$(BUILT_PRODUCTS_DIR)/TextLayout.app/TextLayout";
				FRAMEWORK_SEARCH_PATHS = (
					"$(SDKROOT)/Developer/Library/Frameworks",
					"$(inherited)",
					"$(DEVELOPER_FRAMEWORKS_DIR)",
				);
				GCC_PRECOMPILE_PREFIX_HEADER = YES;
				GCC_PREFIX_HEADER = "TextLayout/TextLayout-Prefix.pch";
				INFOPLIST_FILE = "TextLayoutTests/TextLayoutTests-Info.plist";
				PRODUCT_NAME = "$(TARGET_NAME)";
				TEST_HOST = "$(BUNDLE_LOADER)";
				WRAPPER_EXTENSION = xctest;
			};
			name = Release;
		};
/* End XCBuildConfiguration section */

/* Begin XCConfigurationList section */
		FB338BE217B449A400A80B41 /* Build configuration list for PBXProject "TextLayout" */ = {
			isa = XCConfigurationList;
			buildConfigurations = (
				FB338C1717B449A400A80B41 /* Debug */,
				FB338C1817B449A400A80B41 /* Release */,
			);
			defaultConfigurationIsVisible = 0;
			defaultConfigurationName = Release;
		};
		FB338C1917B449A400A80B41 /* Build configuration list for PBXNativeTarget "TextLayout" */ = {
			isa = XCConfigurationList;
			buildConfigurations = (
				FB338C1A17B449A400A80B41 /* Debug */,
				FB338C1B17B449A400A80B41 /* Release */,
			);
			defaultConfigurationIsVisible = 0;
		};
		FB338C1C17B449A400A80B41 /* Build configuration list for PBXNativeTarget "TextLayoutTests" */ = {
			isa = XCConfigurationList;
			buildConfigurations = (
				FB338C1D17B449A400A80B41 /* Debug */,
				FB338C1E17B449A400A80B41 /* Release */,
			);
			defaultConfigurationIsVisible = 0;
		};
/* End XCConfigurationList section */
	};
	rootObject = FB338BDF17B449A400A80B41 /* Project object */;
}
