// !$*UTF8*$!
{
	archiveVersion = 1;
	classes = {
	};
	objectVersion = 46;
	objects = {

/* Begin PBXBuildFile section */
		FB1A38BC16419B8B00E387DC /* Default-568h@2x.png in Resources */ = {isa = PBXBuildFile; fileRef = FB1A38BB16419B8B00E387DC /* Default-568h@2x.png */; };
		FBE30D2A13F9C700002686F2 /* UIKit.framework in Frameworks */ = {isa = PBXBuildFile; fileRef = FBE30D2913F9C700002686F2 /* UIKit.framework */; };
		FBE30D2C13F9C700002686F2 /* Foundation.framework in Frameworks */ = {isa = PBXBuildFile; fileRef = FBE30D2B13F9C700002686F2 /* Foundation.framework */; };
		FBE30D3213F9C700002686F2 /* InfoPlist.strings in Resources */ = {isa = PBXBuildFile; fileRef = FBE30D3013F9C700002686F2 /* InfoPlist.strings */; };
		FBE30D3413F9C700002686F2 /* main.m in Sources */ = {isa = PBXBuildFile; fileRef = FBE30D3313F9C700002686F2 /* main.m */; };
		FBE30D3813F9C700002686F2 /* AppDelegate.m in Sources */ = {isa = PBXBuildFile; fileRef = FBE30D3713F9C700002686F2 /* AppDelegate.m */; };
		FBE30D3B13F9C700002686F2 /* MainStoryboard.storyboard in Resources */ = {isa = PBXBuildFile; fileRef = FBE30D3913F9C700002686F2 /* MainStoryboard.storyboard */; };
		FBE30D3E13F9C700002686F2 /* ViewController.m in Sources */ = {isa = PBXBuildFile; fileRef = FBE30D3D13F9C700002686F2 /* ViewController.m */; };
/* End PBXBuildFile section */

/* Begin PBXFileReference section */
		FB1A38BB16419B8B00E387DC /* Default-568h@2x.png */ = {isa = PBXFileReference; lastKnownFileType = image.png; path = "Default-568h@2x.png"; sourceTree = "<group>"; };
		FBE30D2513F9C700002686F2 /* SimpleOperation.app */ = {isa = PBXFileReference; explicitFileType = wrapper.application; includeInIndex = 0; path = SimpleOperation.app; sourceTree = BUILT_PRODUCTS_DIR; };
		FBE30D2913F9C700002686F2 /* UIKit.framework */ = {isa = PBXFileReference; lastKnownFileType = wrapper.framework; name = UIKit.framework; path = System/Library/Frameworks/UIKit.framework; sourceTree = SDKROOT; };
		FBE30D2B13F9C700002686F2 /* Foundation.framework */ = {isa = PBXFileReference; lastKnownFileType = wrapper.framework; name = Foundation.framework; path = System/Library/Frameworks/Foundation.framework; sourceTree = SDKROOT; };
		FBE30D2F13F9C700002686F2 /* SimpleOperation-Info.plist */ = {isa = PBXFileReference; lastKnownFileType = text.plist.xml; path = "SimpleOperation-Info.plist"; sourceTree = "<group>"; };
		FBE30D3113F9C700002686F2 /* en */ = {isa = PBXFileReference; lastKnownFileType = text.plist.strings; name = en; path = en.lproj/InfoPlist.strings; sourceTree = "<group>"; };
		FBE30D3313F9C700002686F2 /* main.m */ = {isa = PBXFileReference; lastKnownFileType = sourcecode.c.objc; path = main.m; sourceTree = "<group>"; };
		FBE30D3513F9C700002686F2 /* SimpleOperation-Prefix.pch */ = {isa = PBXFileReference; lastKnownFileType = sourcecode.c.h; path = "SimpleOperation-Prefix.pch"; sourceTree = "<group>"; };
		FBE30D3613F9C700002686F2 /* AppDelegate.h */ = {isa = PBXFileReference; lastKnownFileType = sourcecode.c.h; path = AppDelegate.h; sourceTree = "<group>"; };
		FBE30D3713F9C700002686F2 /* AppDelegate.m */ = {isa = PBXFileReference; lastKnownFileType = sourcecode.c.objc; path = AppDelegate.m; sourceTree = "<group>"; };
		FBE30D3A13F9C700002686F2 /* en */ = {isa = PBXFileReference; lastKnownFileType = file.storyboard; name = en; path = en.lproj/MainStoryboard.storyboard; sourceTree = "<group>"; };
		FBE30D3C13F9C700002686F2 /* ViewController.h */ = {isa = PBXFileReference; lastKnownFileType = sourcecode.c.h; name = ViewController.h; path = SimpleOperation/ViewController.h; sourceTree = "<group>"; };
		FBE30D3D13F9C700002686F2 /* ViewController.m */ = {isa = PBXFileReference; lastKnownFileType = sourcecode.c.objc; name = ViewController.m; path = SimpleOperation/ViewController.m; sourceTree = "<group>"; };
/* End PBXFileReference section */

/* Begin PBXFrameworksBuildPhase section */
		FBE30D2213F9C700002686F2 /* Frameworks */ = {
			isa = PBXFrameworksBuildPhase;
			buildActionMask = 2147483647;
			files = (
				FBE30D2A13F9C700002686F2 /* UIKit.framework in Frameworks */,
				FBE30D2C13F9C700002686F2 /* Foundation.framework in Frameworks */,
			);
			runOnlyForDeploymentPostprocessing = 0;
		};
/* End PBXFrameworksBuildPhase section */

/* Begin PBXGroup section */
		FBE30D1A13F9C700002686F2 = {
			isa = PBXGroup;
			children = (
				FB1A38BB16419B8B00E387DC /* Default-568h@2x.png */,
				FBE30D3C13F9C700002686F2 /* ViewController.h */,
				FBE30D3D13F9C700002686F2 /* ViewController.m */,
				FBE30D2D13F9C700002686F2 /* SimpleOperation */,
				FBE30D2813F9C700002686F2 /* Frameworks */,
				FBE30D2613F9C700002686F2 /* Products */,
			);
			sourceTree = "<group>";
		};
		FBE30D2613F9C700002686F2 /* Products */ = {
			isa = PBXGroup;
			children = (
				FBE30D2513F9C700002686F2 /* SimpleOperation.app */,
			);
			name = Products;
			sourceTree = "<group>";
		};
		FBE30D2813F9C700002686F2 /* Frameworks */ = {
			isa = PBXGroup;
			children = (
				FBE30D2913F9C700002686F2 /* UIKit.framework */,
				FBE30D2B13F9C700002686F2 /* Foundation.framework */,
			);
			name = Frameworks;
			sourceTree = "<group>";
		};
		FBE30D2D13F9C700002686F2 /* SimpleOperation */ = {
			isa = PBXGroup;
			children = (
				FBE30D3613F9C700002686F2 /* AppDelegate.h */,
				FBE30D3713F9C700002686F2 /* AppDelegate.m */,
				FBE30D3913F9C700002686F2 /* MainStoryboard.storyboard */,
				FBE30D2E13F9C700002686F2 /* Supporting Files */,
			);
			path = SimpleOperation;
			sourceTree = "<group>";
		};
		FBE30D2E13F9C700002686F2 /* Supporting Files */ = {
			isa = PBXGroup;
			children = (
				FBE30D2F13F9C700002686F2 /* SimpleOperation-Info.plist */,
				FBE30D3013F9C700002686F2 /* InfoPlist.strings */,
				FBE30D3313F9C700002686F2 /* main.m */,
				FBE30D3513F9C700002686F2 /* SimpleOperation-Prefix.pch */,
			);
			name = "Supporting Files";
			sourceTree = "<group>";
		};
/* End PBXGroup section */

/* Begin PBXNativeTarget section */
		FBE30D2413F9C700002686F2 /* SimpleOperation */ = {
			isa = PBXNativeTarget;
			buildConfigurationList = FBE30D4113F9C700002686F2 /* Build configuration list for PBXNativeTarget "SimpleOperation" */;
			buildPhases = (
				FBE30D2113F9C700002686F2 /* Sources */,
				FBE30D2213F9C700002686F2 /* Frameworks */,
				FBE30D2313F9C700002686F2 /* Resources */,
			);
			buildRules = (
			);
			dependencies = (
			);
			name = SimpleOperation;
			productName = SimpleOperation;
			productReference = FBE30D2513F9C700002686F2 /* SimpleOperation.app */;
			productType = "com.apple.product-type.application";
		};
/* End PBXNativeTarget section */

/* Begin PBXProject section */
		FBE30D1C13F9C700002686F2 /* Project object */ = {
			isa = PBXProject;
			attributes = {
				LastUpgradeCheck = 0420;
			};
			buildConfigurationList = FBE30D1F13F9C700002686F2 /* Build configuration list for PBXProject "SimpleOperation" */;
			compatibilityVersion = "Xcode 3.2";
			developmentRegion = English;
			hasScannedForEncodings = 0;
			knownRegions = (
				en,
			);
			mainGroup = FBE30D1A13F9C700002686F2;
			productRefGroup = FBE30D2613F9C700002686F2 /* Products */;
			projectDirPath = "";
			projectRoot = "";
			targets = (
				FBE30D2413F9C700002686F2 /* SimpleOperation */,
			);
		};
/* End PBXProject section */

/* Begin PBXResourcesBuildPhase section */
		FBE30D2313F9C700002686F2 /* Resources */ = {
			isa = PBXResourcesBuildPhase;
			buildActionMask = 2147483647;
			files = (
				FBE30D3213F9C700002686F2 /* InfoPlist.strings in Resources */,
				FBE30D3B13F9C700002686F2 /* MainStoryboard.storyboard in Resources */,
				FB1A38BC16419B8B00E387DC /* Default-568h@2x.png in Resources */,
			);
			runOnlyForDeploymentPostprocessing = 0;
		};
/* End PBXResourcesBuildPhase section */

/* Begin PBXSourcesBuildPhase section */
		FBE30D2113F9C700002686F2 /* Sources */ = {
			isa = PBXSourcesBuildPhase;
			buildActionMask = 2147483647;
			files = (
				FBE30D3413F9C700002686F2 /* main.m in Sources */,
				FBE30D3813F9C700002686F2 /* AppDelegate.m in Sources */,
				FBE30D3E13F9C700002686F2 /* ViewController.m in Sources */,
			);
			runOnlyForDeploymentPostprocessing = 0;
		};
/* End PBXSourcesBuildPhase section */

/* Begin PBXVariantGroup section */
		FBE30D3013F9C700002686F2 /* InfoPlist.strings */ = {
			isa = PBXVariantGroup;
			children = (
				FBE30D3113F9C700002686F2 /* en */,
			);
			name = InfoPlist.strings;
			sourceTree = "<group>";
		};
		FBE30D3913F9C700002686F2 /* MainStoryboard.storyboard */ = {
			isa = PBXVariantGroup;
			children = (
				FBE30D3A13F9C700002686F2 /* en */,
			);
			name = MainStoryboard.storyboard;
			sourceTree = "<group>";
		};
/* End PBXVariantGroup section */

/* Begin XCBuildConfiguration section */
		FBE30D3F13F9C700002686F2 /* Debug */ = {
			isa = XCBuildConfiguration;
			buildSettings = {
				ALWAYS_SEARCH_USER_PATHS = NO;
				ARCHS = "$(ARCHS_STANDARD_32_BIT)";
				CLANG_ENABLE_OBJC_ARC = YES;
				"CODE_SIGN_IDENTITY[sdk=iphoneos*]" = "iPhone Developer";
				COPY_PHASE_STRIP = NO;
				GCC_C_LANGUAGE_STANDARD = gnu99;
				GCC_DYNAMIC_NO_PIC = NO;
				GCC_OPTIMIZATION_LEVEL = 0;
				GCC_PREPROCESSOR_DEFINITIONS = (
					"DEBUG=1",
					"$(inherited)",
				);
				GCC_SYMBOLS_PRIVATE_EXTERN = NO;
				GCC_VERSION = com.apple.compilers.llvm.clang.1_0;
				GCC_WARN_ABOUT_MISSING_PROTOTYPES = YES;
				GCC_WARN_ABOUT_RETURN_TYPE = YES;
				GCC_WARN_UNUSED_VARIABLE = YES;
				SDKROOT = iphoneos;
			};
			name = Debug;
		};
		FBE30D4013F9C700002686F2 /* Release */ = {
			isa = XCBuildConfiguration;
			buildSettings = {
				ALWAYS_SEARCH_USER_PATHS = NO;
				ARCHS = "$(ARCHS_STANDARD_32_BIT)";
				CLANG_ENABLE_OBJC_ARC = YES;
				"CODE_SIGN_IDENTITY[sdk=iphoneos*]" = "iPhone Developer";
				COPY_PHASE_STRIP = YES;
				GCC_C_LANGUAGE_STANDARD = gnu99;
				GCC_VERSION = com.apple.compilers.llvm.clang.1_0;
				GCC_WARN_ABOUT_MISSING_PROTOTYPES = YES;
				GCC_WARN_ABOUT_RETURN_TYPE = YES;
				GCC_WARN_UNUSED_VARIABLE = YES;
				OTHER_CFLAGS = "-DNS_BLOCK_ASSERTIONS=1";
				SDKROOT = iphoneos;
				VALIDATE_PRODUCT = YES;
			};
			name = Release;
		};
		FBE30D4213F9C700002686F2 /* Debug */ = {
			isa = XCBuildConfiguration;
			buildSettings = {
				GCC_PRECOMPILE_PREFIX_HEADER = YES;
				GCC_PREFIX_HEADER = "SimpleOperation/SimpleOperation-Prefix.pch";
				INFOPLIST_FILE = "SimpleOperation/SimpleOperation-Info.plist";
				PRODUCT_NAME = "$(TARGET_NAME)";
				WRAPPER_EXTENSION = app;
			};
			name = Debug;
		};
		FBE30D4313F9C700002686F2 /* Release */ = {
			isa = XCBuildConfiguration;
			buildSettings = {
				GCC_PRECOMPILE_PREFIX_HEADER = YES;
				GCC_PREFIX_HEADER = "SimpleOperation/SimpleOperation-Prefix.pch";
				INFOPLIST_FILE = "SimpleOperation/SimpleOperation-Info.plist";
				PRODUCT_NAME = "$(TARGET_NAME)";
				WRAPPER_EXTENSION = app;
			};
			name = Release;
		};
/* End XCBuildConfiguration section */

/* Begin XCConfigurationList section */
		FBE30D1F13F9C700002686F2 /* Build configuration list for PBXProject "SimpleOperation" */ = {
			isa = XCConfigurationList;
			buildConfigurations = (
				FBE30D3F13F9C700002686F2 /* Debug */,
				FBE30D4013F9C700002686F2 /* Release */,
			);
			defaultConfigurationIsVisible = 0;
			defaultConfigurationName = Release;
		};
		FBE30D4113F9C700002686F2 /* Build configuration list for PBXNativeTarget "SimpleOperation" */ = {
			isa = XCConfigurationList;
			buildConfigurations = (
				FBE30D4213F9C700002686F2 /* Debug */,
				FBE30D4313F9C700002686F2 /* Release */,
			);
			defaultConfigurationIsVisible = 0;
			defaultConfigurationName = Release;
		};
/* End XCConfigurationList section */
	};
	rootObject = FBE30D1C13F9C700002686F2 /* Project object */;
}
